
Microsoft Visual Studio Solution File, Format Version 12.00
# Visual Studio 2015
Project("{FAE04EC0-301F-11D3-BF4B-00C04F79EFBC}") = "Origami.CSharp", "Origami.CSharp.csproj", "{CE379561-93B4-9E99-322A-49140C6F8644}"
EndProject
Global
	GlobalSection(SolutionConfigurationPlatforms) = preSolution
		Debug|Any CPU = Debug|Any CPU
		Release|Any CPU = Release|Any CPU
	EndGlobalSection
	GlobalSection(ProjectConfigurationPlatforms) = postSolution
		{CE379561-93B4-9E99-322A-49140C6F8644}.Debug|Any CPU.ActiveCfg = Debug|Any CPU
		{CE379561-93B4-9E99-322A-49140C6F8644}.Debug|Any CPU.Build.0 = Debug|Any CPU
		{CE379561-93B4-9E99-322A-49140C6F8644}.Release|Any CPU.ActiveCfg = Release|Any CPU
		{CE379561-93B4-9E99-322A-49140C6F8644}.Release|Any CPU.Build.0 = Release|Any CPU
	EndGlobalSection
	GlobalSection(SolutionProperties) = preSolution
		HideSolutionNode = FALSE
	EndGlobalSection
EndGlobal
